{
  "name": "sauron",
  "lockfileVersion": 2,
  "requires": true,
  "packages": {
    "": {
      "dependencies": {
        "typeface-roboto": "^1.1.13"
      }
    },
    "node_modules/typeface-roboto": {
      "version": "1.1.13",
      "resolved": "https://registry.npmjs.org/typeface-roboto/-/typeface-roboto-1.1.13.tgz",
      "integrity": "sha512-YXvbd3a1QTREoD+FJoEkl0VQNJoEjewR2H11IjVv4bp6ahuIcw0yyw/3udC4vJkHw3T3cUh85FTg8eWef3pSaw=="
    }
  },
  "dependencies": {
    "typeface-roboto": {
      "version": "1.1.13",
      "resolved": "https://registry.npmjs.org/typeface-roboto/-/typeface-roboto-1.1.13.tgz",
      "integrity": "sha512-YXvbd3a1QTREoD+FJoEkl0VQNJoEjewR2H11IjVv4bp6ahuIcw0yyw/3udC4vJkHw3T3cUh85FTg8eWef3pSaw=="
    }
  }
}
